
Microsoft Visual Studio Solution File, Format Version 12.00
# Visual Studio 2013
VisualStudioVersion = 12.0.31101.0
MinimumVisualStudioVersion = 10.0.40219.1
Project("{2150E333-8FDC-42A3-9474-1A3956D46DE8}") = "Common", "Common", "{248D8432-8DD2-49CC-9E20-34295C942853}"
EndProject
Project("{FAE04EC0-301F-11D3-BF4B-00C04F79EFBC}") = "Agent.Contract", "Manager.Contract\Agent.Contract.csproj", "{CFC194D6-31ED-4AA6-AE5F-65C5555E6657}"
EndProject
Project("{FAE04EC0-301F-11D3-BF4B-00C04F79EFBC}") = "Common.Function", "..\Common\Common.Function\Common.Function.csproj", "{1E0B34A5-233D-45F7-933D-51B71BE3D62E}"
EndProject
Project("{FAE04EC0-301F-11D3-BF4B-00C04F79EFBC}") = "Common.Logger", "..\Common\Common.Logger\Common.Logger.csproj", "{C2C92005-3ADC-49E2-85A2-8BD031190485}"
EndProject
Project("{FAE04EC0-301F-11D3-BF4B-00C04F79EFBC}") = "Common.Message", "..\Common\Common.Message\Common.Message.csproj", "{15CBBF22-6CCE-47D6-9765-283CD7B1DBE7}"
EndProject
Project("{FAE04EC0-301F-11D3-BF4B-00C04F79EFBC}") = "Agent.HyperV", "Manager.HyperV\Agent.HyperV.csproj", "{F75711B1-012A-4082-8BF9-456159C60E76}"
EndProject
Project("{FAE04EC0-301F-11D3-BF4B-00C04F79EFBC}") = "Agent.VMware", "Agent.VMware\Agent.VMware.csproj", "{1F13E11F-0F15-4EA9-9B00-0C41FD6C7E01}"
EndProject
Global
	GlobalSection(SolutionConfigurationPlatforms) = preSolution
		Debug|Any CPU = Debug|Any CPU
		Release|Any CPU = Release|Any CPU
	EndGlobalSection
	GlobalSection(ProjectConfigurationPlatforms) = postSolution
		{CFC194D6-31ED-4AA6-AE5F-65C5555E6657}.Debug|Any CPU.ActiveCfg = Debug|Any CPU
		{CFC194D6-31ED-4AA6-AE5F-65C5555E6657}.Debug|Any CPU.Build.0 = Debug|Any CPU
		{CFC194D6-31ED-4AA6-AE5F-65C5555E6657}.Release|Any CPU.ActiveCfg = Release|Any CPU
		{CFC194D6-31ED-4AA6-AE5F-65C5555E6657}.Release|Any CPU.Build.0 = Release|Any CPU
		{1E0B34A5-233D-45F7-933D-51B71BE3D62E}.Debug|Any CPU.ActiveCfg = Debug|Any CPU
		{1E0B34A5-233D-45F7-933D-51B71BE3D62E}.Debug|Any CPU.Build.0 = Debug|Any CPU
		{1E0B34A5-233D-45F7-933D-51B71BE3D62E}.Release|Any CPU.ActiveCfg = Release|Any CPU
		{1E0B34A5-233D-45F7-933D-51B71BE3D62E}.Release|Any CPU.Build.0 = Release|Any CPU
		{C2C92005-3ADC-49E2-85A2-8BD031190485}.Debug|Any CPU.ActiveCfg = Debug|Any CPU
		{C2C92005-3ADC-49E2-85A2-8BD031190485}.Debug|Any CPU.Build.0 = Debug|Any CPU
		{C2C92005-3ADC-49E2-85A2-8BD031190485}.Release|Any CPU.ActiveCfg = Release|Any CPU
		{C2C92005-3ADC-49E2-85A2-8BD031190485}.Release|Any CPU.Build.0 = Release|Any CPU
		{15CBBF22-6CCE-47D6-9765-283CD7B1DBE7}.Debug|Any CPU.ActiveCfg = Debug|Any CPU
		{15CBBF22-6CCE-47D6-9765-283CD7B1DBE7}.Debug|Any CPU.Build.0 = Debug|Any CPU
		{15CBBF22-6CCE-47D6-9765-283CD7B1DBE7}.Release|Any CPU.ActiveCfg = Release|Any CPU
		{15CBBF22-6CCE-47D6-9765-283CD7B1DBE7}.Release|Any CPU.Build.0 = Release|Any CPU
		{F75711B1-012A-4082-8BF9-456159C60E76}.Debug|Any CPU.ActiveCfg = Debug|Any CPU
		{F75711B1-012A-4082-8BF9-456159C60E76}.Debug|Any CPU.Build.0 = Debug|Any CPU
		{F75711B1-012A-4082-8BF9-456159C60E76}.Release|Any CPU.ActiveCfg = Release|Any CPU
		{F75711B1-012A-4082-8BF9-456159C60E76}.Release|Any CPU.Build.0 = Release|Any CPU
		{1F13E11F-0F15-4EA9-9B00-0C41FD6C7E01}.Debug|Any CPU.ActiveCfg = Debug|Any CPU
		{1F13E11F-0F15-4EA9-9B00-0C41FD6C7E01}.Debug|Any CPU.Build.0 = Debug|Any CPU
		{1F13E11F-0F15-4EA9-9B00-0C41FD6C7E01}.Release|Any CPU.ActiveCfg = Release|Any CPU
		{1F13E11F-0F15-4EA9-9B00-0C41FD6C7E01}.Release|Any CPU.Build.0 = Release|Any CPU
	EndGlobalSection
	GlobalSection(SolutionProperties) = preSolution
		HideSolutionNode = FALSE
	EndGlobalSection
	GlobalSection(NestedProjects) = preSolution
		{1E0B34A5-233D-45F7-933D-51B71BE3D62E} = {248D8432-8DD2-49CC-9E20-34295C942853}
		{C2C92005-3ADC-49E2-85A2-8BD031190485} = {248D8432-8DD2-49CC-9E20-34295C942853}
		{15CBBF22-6CCE-47D6-9765-283CD7B1DBE7} = {248D8432-8DD2-49CC-9E20-34295C942853}
	EndGlobalSection
EndGlobal
