
Microsoft Visual Studio Solution File, Format Version 12.00
# Visual Studio 2013
VisualStudioVersion = 12.0.21005.1
MinimumVisualStudioVersion = 10.0.40219.1
Project("{2150E333-8FDC-42A3-9474-1A3956D46DE8}") = "Common", "Common", "{248D8432-8DD2-49CC-9E20-34295C942853}"
EndProject
Project("{FAE04EC0-301F-11D3-BF4B-00C04F79EFBC}") = "Agent.Contract", "Manager.Contract\Agent.Contract.csproj", "{CFC194D6-31ED-4AA6-AE5F-65C5555E6657}"
EndProject
Project("{FAE04EC0-301F-11D3-BF4B-00C04F79EFBC}") = "Agent.Services", "Manager.Services\Agent.Services.csproj", "{24421224-813B-4786-BCDB-B715A6E5DE29}"
EndProject
Project("{FAE04EC0-301F-11D3-BF4B-00C04F79EFBC}") = "Common.Function", "..\Common\Common.Function\Common.Function.csproj", "{1E0B34A5-233D-45F7-933D-51B71BE3D62E}"
EndProject
Project("{FAE04EC0-301F-11D3-BF4B-00C04F79EFBC}") = "Common.Logger", "..\Common\Common.Logger\Common.Logger.csproj", "{C2C92005-3ADC-49E2-85A2-8BD031190485}"
EndProject
Project("{FAE04EC0-301F-11D3-BF4B-00C04F79EFBC}") = "Common.Message", "..\Common\Common.Message\Common.Message.csproj", "{15CBBF22-6CCE-47D6-9765-283CD7B1DBE7}"
EndProject
Project("{FAE04EC0-301F-11D3-BF4B-00C04F79EFBC}") = "Agent.Install", "Agent.Install\Agent.Install.csproj", "{A8887F2F-7D94-458B-87A3-E2301F647D32}"
EndProject
Global
	GlobalSection(SolutionConfigurationPlatforms) = preSolution
		Debug|Any CPU = Debug|Any CPU
		Release|Any CPU = Release|Any CPU
	EndGlobalSection
	GlobalSection(ProjectConfigurationPlatforms) = postSolution
		{CFC194D6-31ED-4AA6-AE5F-65C5555E6657}.Debug|Any CPU.ActiveCfg = Debug|Any CPU
		{CFC194D6-31ED-4AA6-AE5F-65C5555E6657}.Debug|Any CPU.Build.0 = Debug|Any CPU
		{CFC194D6-31ED-4AA6-AE5F-65C5555E6657}.Release|Any CPU.ActiveCfg = Release|Any CPU
		{CFC194D6-31ED-4AA6-AE5F-65C5555E6657}.Release|Any CPU.Build.0 = Release|Any CPU
		{24421224-813B-4786-BCDB-B715A6E5DE29}.Debug|Any CPU.ActiveCfg = Debug|Any CPU
		{24421224-813B-4786-BCDB-B715A6E5DE29}.Debug|Any CPU.Build.0 = Debug|Any CPU
		{24421224-813B-4786-BCDB-B715A6E5DE29}.Release|Any CPU.ActiveCfg = Release|Any CPU
		{24421224-813B-4786-BCDB-B715A6E5DE29}.Release|Any CPU.Build.0 = Release|Any CPU
		{1E0B34A5-233D-45F7-933D-51B71BE3D62E}.Debug|Any CPU.ActiveCfg = Debug|Any CPU
		{1E0B34A5-233D-45F7-933D-51B71BE3D62E}.Debug|Any CPU.Build.0 = Debug|Any CPU
		{1E0B34A5-233D-45F7-933D-51B71BE3D62E}.Release|Any CPU.ActiveCfg = Release|Any CPU
		{1E0B34A5-233D-45F7-933D-51B71BE3D62E}.Release|Any CPU.Build.0 = Release|Any CPU
		{C2C92005-3ADC-49E2-85A2-8BD031190485}.Debug|Any CPU.ActiveCfg = Debug|Any CPU
		{C2C92005-3ADC-49E2-85A2-8BD031190485}.Debug|Any CPU.Build.0 = Debug|Any CPU
		{C2C92005-3ADC-49E2-85A2-8BD031190485}.Release|Any CPU.ActiveCfg = Release|Any CPU
		{C2C92005-3ADC-49E2-85A2-8BD031190485}.Release|Any CPU.Build.0 = Release|Any CPU
		{15CBBF22-6CCE-47D6-9765-283CD7B1DBE7}.Debug|Any CPU.ActiveCfg = Debug|Any CPU
		{15CBBF22-6CCE-47D6-9765-283CD7B1DBE7}.Debug|Any CPU.Build.0 = Debug|Any CPU
		{15CBBF22-6CCE-47D6-9765-283CD7B1DBE7}.Release|Any CPU.ActiveCfg = Release|Any CPU
		{15CBBF22-6CCE-47D6-9765-283CD7B1DBE7}.Release|Any CPU.Build.0 = Release|Any CPU
		{A8887F2F-7D94-458B-87A3-E2301F647D32}.Debug|Any CPU.ActiveCfg = Debug|Any CPU
		{A8887F2F-7D94-458B-87A3-E2301F647D32}.Debug|Any CPU.Build.0 = Debug|Any CPU
		{A8887F2F-7D94-458B-87A3-E2301F647D32}.Release|Any CPU.ActiveCfg = Release|Any CPU
		{A8887F2F-7D94-458B-87A3-E2301F647D32}.Release|Any CPU.Build.0 = Release|Any CPU
	EndGlobalSection
	GlobalSection(SolutionProperties) = preSolution
		HideSolutionNode = FALSE
	EndGlobalSection
	GlobalSection(NestedProjects) = preSolution
		{1E0B34A5-233D-45F7-933D-51B71BE3D62E} = {248D8432-8DD2-49CC-9E20-34295C942853}
		{C2C92005-3ADC-49E2-85A2-8BD031190485} = {248D8432-8DD2-49CC-9E20-34295C942853}
		{15CBBF22-6CCE-47D6-9765-283CD7B1DBE7} = {248D8432-8DD2-49CC-9E20-34295C942853}
	EndGlobalSection
EndGlobal
